PODS:
  - flutter_webrtc_plus (1.1.0):
    - FlutterMacOS
    - WebRTC-SDK (= 137.7151.03)
  - FlutterMacOS (1.0.0)
  - path_provider_foundation (0.0.1):
    - Flutter
    - FlutterMacOS
  - WebRTC-SDK (137.7151.03)

DEPENDENCIES:
  - flutter_webrtc_plus (from `Flutter/ephemeral/.symlinks/plugins/flutter_webrtc_plus/macos`)
  - FlutterMacOS (from `Flutter/ephemeral`)
  - path_provider_foundation (from `Flutter/ephemeral/.symlinks/plugins/path_provider_foundation/darwin`)

SPEC REPOS:
  trunk:
    - WebRTC-SDK

EXTERNAL SOURCES:
  flutter_webrtc_plus:
    :path: Flutter/ephemeral/.symlinks/plugins/flutter_webrtc_plus/macos
  FlutterMacOS:
    :path: Flutter/ephemeral
  path_provider_foundation:
    :path: Flutter/ephemeral/.symlinks/plugins/path_provider_foundation/darwin

SPEC CHECKSUMS:
  flutter_webrtc_plus: a54bc74fb4e10c79d6f621a02846a445f2d89ea0
  FlutterMacOS: d0db08ddef1a9af05a5ec4b724367152bb0500b1
  path_provider_foundation: 080d55be775b7414fd5a5ef3ac137b97b097e564
  WebRTC-SDK: 69d4e56b0b4b27d788e87bab9b9a1326ed05b1e3

PODFILE CHECKSUM: cbf4d58c8772a65c3222a68c81d6e854a07d1646

COCOAPODS: 1.16.2
